
Microsoft Visual Studio Solution File, Format Version 12.00
# Visual Studio Version 16
VisualStudioVersion = 16.0.32901.82
MinimumVisualStudioVersion = 10.0.40219.1
Project("{FAE04EC0-301F-11D3-BF4B-00C04F79EFBC}") = "Arraysincsharp", "Arraysincsharp\Arraysincsharp.csproj", "{D836E802-277D-4A3F-AB68-36141A0CA6F0}"
EndProject
Project("{FAE04EC0-301F-11D3-BF4B-00C04F79EFBC}") = "commentincsharp", "commentincsharp\commentincsharp.csproj", "{F3EC2B12-E0D2-452D-876A-CA88D8333F97}"
EndProject
Project("{FAE04EC0-301F-11D3-BF4B-00C04F79EFBC}") = "Ifstatementincsharp", "Ifstatementincsharp\Ifstatementincsharp.csproj", "{C23805A2-A48A-4052-9167-487D783BFE40}"
EndProject
Global
	GlobalSection(SolutionConfigurationPlatforms) = preSolution
		Debug|Any CPU = Debug|Any CPU
		Release|Any CPU = Release|Any CPU
	EndGlobalSection
	GlobalSection(ProjectConfigurationPlatforms) = postSolution
		{D836E802-277D-4A3F-AB68-36141A0CA6F0}.Debug|Any CPU.ActiveCfg = Debug|Any CPU
		{D836E802-277D-4A3F-AB68-36141A0CA6F0}.Debug|Any CPU.Build.0 = Debug|Any CPU
		{D836E802-277D-4A3F-AB68-36141A0CA6F0}.Release|Any CPU.ActiveCfg = Release|Any CPU
		{D836E802-277D-4A3F-AB68-36141A0CA6F0}.Release|Any CPU.Build.0 = Release|Any CPU
		{F3EC2B12-E0D2-452D-876A-CA88D8333F97}.Debug|Any CPU.ActiveCfg = Debug|Any CPU
		{F3EC2B12-E0D2-452D-876A-CA88D8333F97}.Debug|Any CPU.Build.0 = Debug|Any CPU
		{F3EC2B12-E0D2-452D-876A-CA88D8333F97}.Release|Any CPU.ActiveCfg = Release|Any CPU
		{F3EC2B12-E0D2-452D-876A-CA88D8333F97}.Release|Any CPU.Build.0 = Release|Any CPU
		{C23805A2-A48A-4052-9167-487D783BFE40}.Debug|Any CPU.ActiveCfg = Debug|Any CPU
		{C23805A2-A48A-4052-9167-487D783BFE40}.Debug|Any CPU.Build.0 = Debug|Any CPU
		{C23805A2-A48A-4052-9167-487D783BFE40}.Release|Any CPU.ActiveCfg = Release|Any CPU
		{C23805A2-A48A-4052-9167-487D783BFE40}.Release|Any CPU.Build.0 = Release|Any CPU
	EndGlobalSection
	GlobalSection(SolutionProperties) = preSolution
		HideSolutionNode = FALSE
	EndGlobalSection
	GlobalSection(ExtensibilityGlobals) = postSolution
		SolutionGuid = {38E55610-704D-4487-8189-90FB2560678F}
	EndGlobalSection
EndGlobal
